
Microsoft Visual Studio Solution File, Format Version 11.00
# Visual Studio 2010
Project("{8BC9CEB8-8B4A-11D0-8D11-00A0C91BC942}") = "t1", "t1\t1.vcxproj", "{438A9D69-FAA1-43D2-BABB-155FAC8734A4}"
EndProject
Global
	GlobalSection(SolutionConfigurationPlatforms) = preSolution
		Debug|Win32 = Debug|Win32
		Release|Win32 = Release|Win32
	EndGlobalSection
	GlobalSection(ProjectConfigurationPlatforms) = postSolution
		{438A9D69-FAA1-43D2-BABB-155FAC8734A4}.Debug|Win32.ActiveCfg = Debug|Win32
		{438A9D69-FAA1-43D2-BABB-155FAC8734A4}.Debug|Win32.Build.0 = Debug|Win32
		{438A9D69-FAA1-43D2-BABB-155FAC8734A4}.Release|Win32.ActiveCfg = Release|Win32
		{438A9D69-FAA1-43D2-BABB-155FAC8734A4}.Release|Win32.Build.0 = Release|Win32
	EndGlobalSection
	GlobalSection(SolutionProperties) = preSolution
		HideSolutionNode = FALSE
	EndGlobalSection
EndGlobal
